
Microsoft Visual Studio Solution File, Format Version 12.00
# Visual Studio 15
VisualStudioVersion = 15.0.28307.1082
MinimumVisualStudioVersion = 10.0.40219.1
Project("{FAE04EC0-301F-11D3-BF4B-00C04F79EFBC}") = "ALTSecurity.Web", "ALTSecurity.Web\ALTSecurity.Web.csproj", "{DAA94A2F-873D-4461-A8DA-FAE89380DE11}"
EndProject
Global
	GlobalSection(SolutionConfigurationPlatforms) = preSolution
		Debug|Any CPU = Debug|Any CPU
		Release|Any CPU = Release|Any CPU
	EndGlobalSection
	GlobalSection(ProjectConfigurationPlatforms) = postSolution
		{DAA94A2F-873D-4461-A8DA-FAE89380DE11}.Debug|Any CPU.ActiveCfg = Debug|Any CPU
		{DAA94A2F-873D-4461-A8DA-FAE89380DE11}.Debug|Any CPU.Build.0 = Debug|Any CPU
		{DAA94A2F-873D-4461-A8DA-FAE89380DE11}.Release|Any CPU.ActiveCfg = Release|Any CPU
		{DAA94A2F-873D-4461-A8DA-FAE89380DE11}.Release|Any CPU.Build.0 = Release|Any CPU
	EndGlobalSection
	GlobalSection(SolutionProperties) = preSolution
		HideSolutionNode = FALSE
	EndGlobalSection
	GlobalSection(ExtensibilityGlobals) = postSolution
		SolutionGuid = {AD47C431-01F3-4311-B044-82ED141F106B}
	EndGlobalSection
EndGlobal
